// !$*UTF8*$!
{
	archiveVersion = 1;
	classes = {
	};
	objectVersion = 46;
	objects = {

/* Begin PBXBuildFile section */
		942B9BCE1632BC33004EC9D3 /* SoundCloud.bundle in Resources */ = {isa = PBXBuildFile; fileRef = 942B9BCD1632BC33004EC9D3 /* SoundCloud.bundle */; };
		942B9BD31632BCD2004EC9D3 /* CHLTableViewController.m in Sources */ = {isa = PBXBuildFile; fileRef = 942B9BD21632BCD2004EC9D3 /* CHLTableViewController.m */; };
		94D94EC41630B3AD000BEF13 /* UIKit.framework in Frameworks */ = {isa = PBXBuildFile; fileRef = 94D94EC31630B3AD000BEF13 /* UIKit.framework */; };
		94D94EC61630B3AD000BEF13 /* Foundation.framework in Frameworks */ = {isa = PBXBuildFile; fileRef = 94D94EC51630B3AD000BEF13 /* Foundation.framework */; };
		94D94EC81630B3AD000BEF13 /* CoreGraphics.framework in Frameworks */ = {isa = PBXBuildFile; fileRef = 94D94EC71630B3AD000BEF13 /* CoreGraphics.framework */; };
		94D94ECA1630B3AD000BEF13 /* CoreData.framework in Frameworks */ = {isa = PBXBuildFile; fileRef = 94D94EC91630B3AD000BEF13 /* CoreData.framework */; };
		94D94ED01630B3AD000BEF13 /* InfoPlist.strings in Resources */ = {isa = PBXBuildFile; fileRef = 94D94ECE1630B3AD000BEF13 /* InfoPlist.strings */; };
		94D94ED21630B3AD000BEF13 /* main.m in Sources */ = {isa = PBXBuildFile; fileRef = 94D94ED11630B3AD000BEF13 /* main.m */; };
		94D94ED61630B3AD000BEF13 /* CHLAppDelegate.m in Sources */ = {isa = PBXBuildFile; fileRef = 94D94ED51630B3AD000BEF13 /* CHLAppDelegate.m */; };
		94D94ED81630B3AD000BEF13 /* Default.png in Resources */ = {isa = PBXBuildFile; fileRef = 94D94ED71630B3AD000BEF13 /* Default.png */; };
		94D94EDA1630B3AD000BEF13 /* Default@2x.png in Resources */ = {isa = PBXBuildFile; fileRef = 94D94ED91630B3AD000BEF13 /* Default@2x.png */; };
		94D94EDC1630B3AD000BEF13 /* Default-568h@2x.png in Resources */ = {isa = PBXBuildFile; fileRef = 94D94EDB1630B3AD000BEF13 /* Default-568h@2x.png */; };
		94D94EDF1630B3AD000BEF13 /* TheChallenge.xcdatamodeld in Sources */ = {isa = PBXBuildFile; fileRef = 94D94EDD1630B3AD000BEF13 /* TheChallenge.xcdatamodeld */; };
		94D94F561630B5E5000BEF13 /* libJSONKit.a in Frameworks */ = {isa = PBXBuildFile; fileRef = 94D94F441630B573000BEF13 /* libJSONKit.a */; };
		94D94F571630B5E5000BEF13 /* libOHAttributedLabel.a in Frameworks */ = {isa = PBXBuildFile; fileRef = 94D94F4F1630B573000BEF13 /* libOHAttributedLabel.a */; };
		94D94F5A1630B5ED000BEF13 /* QuartzCore.framework in Frameworks */ = {isa = PBXBuildFile; fileRef = 94D94F591630B5ED000BEF13 /* QuartzCore.framework */; };
		94D94F5D1630B5F9000BEF13 /* AddressBook.framework in Frameworks */ = {isa = PBXBuildFile; fileRef = 94D94F5B1630B5F9000BEF13 /* AddressBook.framework */; };
		94D94F5E1630B5F9000BEF13 /* AddressBookUI.framework in Frameworks */ = {isa = PBXBuildFile; fileRef = 94D94F5C1630B5F9000BEF13 /* AddressBookUI.framework */; };
		94D94F601630B600000BEF13 /* CoreLocation.framework in Frameworks */ = {isa = PBXBuildFile; fileRef = 94D94F5F1630B600000BEF13 /* CoreLocation.framework */; };
		94D94F621630B606000BEF13 /* Security.framework in Frameworks */ = {isa = PBXBuildFile; fileRef = 94D94F611630B606000BEF13 /* Security.framework */; };
		94D94F641630B610000BEF13 /* CoreText.framework in Frameworks */ = {isa = PBXBuildFile; fileRef = 94D94F631630B610000BEF13 /* CoreText.framework */; };
		94D94F921630B8CE000BEF13 /* libSoundCloudUI.a in Frameworks */ = {isa = PBXBuildFile; fileRef = 94D94F8F1630B8B9000BEF13 /* libSoundCloudUI.a */; };
		94D94FA11630BB32000BEF13 /* libOAuth2Client.a in Frameworks */ = {isa = PBXBuildFile; fileRef = 94D94F9E1630BB1F000BEF13 /* libOAuth2Client.a */; };
		94D94FB61630BB9E000BEF13 /* libSoundCloudAPI.a in Frameworks */ = {isa = PBXBuildFile; fileRef = 94D94FAD1630BB52000BEF13 /* libSoundCloudAPI.a */; };
/* End PBXBuildFile section */

/* Begin PBXContainerItemProxy section */
		94D94F431630B573000BEF13 /* PBXContainerItemProxy */ = {
			isa = PBXContainerItemProxy;
			containerPortal = 94D94F2C1630B573000BEF13 /* JSONKit.xcodeproj */;
			proxyType = 2;
			remoteGlobalIDString = F6803523148F6D22008A51BA;
			remoteInfo = libJSONKit;
		};
		94D94F451630B573000BEF13 /* PBXContainerItemProxy */ = {
			isa = PBXContainerItemProxy;
			containerPortal = 94D94F2C1630B573000BEF13 /* JSONKit.xcodeproj */;
			proxyType = 2;
			remoteGlobalIDString = F6AE0202148F825C0004909F;
			remoteInfo = JSONKit.framework;
		};
		94D94F4E1630B573000BEF13 /* PBXContainerItemProxy */ = {
			isa = PBXContainerItemProxy;
			containerPortal = 94D94F321630B573000BEF13 /* OHAttributedLabel.xcodeproj */;
			proxyType = 2;
			remoteGlobalIDString = F62728FA148F70DF00314599;
			remoteInfo = OHAttributedLabel;
		};
		94D94F8E1630B8B9000BEF13 /* PBXContainerItemProxy */ = {
			isa = PBXContainerItemProxy;
			containerPortal = 94D94F861630B8B8000BEF13 /* SoundCloudUI.xcodeproj */;
			proxyType = 2;
			remoteGlobalIDString = F6EF8C6113F929D700B20B40;
			remoteInfo = libSoundCloudUI;
		};
		94D94F901630B8B9000BEF13 /* PBXContainerItemProxy */ = {
			isa = PBXContainerItemProxy;
			containerPortal = 94D94F861630B8B8000BEF13 /* SoundCloudUI.xcodeproj */;
			proxyType = 2;
			remoteGlobalIDString = F62E0CE5148FB27100BE8F14;
			remoteInfo = SoundCloudUI.framework;
		};
		94D94F9B1630BB1F000BEF13 /* PBXContainerItemProxy */ = {
			isa = PBXContainerItemProxy;
			containerPortal = 94D94F931630BB1F000BEF13 /* OAuth2Client.xcodeproj */;
			proxyType = 2;
			remoteGlobalIDString = 942FFCD612315E0A00E6C65E;
			remoteInfo = OAuth2Client.framework;
		};
		94D94F9D1630BB1F000BEF13 /* PBXContainerItemProxy */ = {
			isa = PBXContainerItemProxy;
			containerPortal = 94D94F931630BB1F000BEF13 /* OAuth2Client.xcodeproj */;
			proxyType = 2;
			remoteGlobalIDString = D2AAC07E0554694100DB518D;
			remoteInfo = OAuth2Client;
		};
		94D94F9F1630BB2B000BEF13 /* PBXContainerItemProxy */ = {
			isa = PBXContainerItemProxy;
			containerPortal = 94D94F931630BB1F000BEF13 /* OAuth2Client.xcodeproj */;
			proxyType = 1;
			remoteGlobalIDString = D2AAC07D0554694100DB518D;
			remoteInfo = OAuth2Client;
		};
		94D94FAA1630BB52000BEF13 /* PBXContainerItemProxy */ = {
			isa = PBXContainerItemProxy;
			containerPortal = 94D94FA21630BB51000BEF13 /* SoundCloudAPI.xcodeproj */;
			proxyType = 2;
			remoteGlobalIDString = 94535F86123FAFDF00BD668A;
			remoteInfo = SoundCloudAPI.framework;
		};
		94D94FAC1630BB52000BEF13 /* PBXContainerItemProxy */ = {
			isa = PBXContainerItemProxy;
			containerPortal = 94D94FA21630BB51000BEF13 /* SoundCloudAPI.xcodeproj */;
			proxyType = 2;
			remoteGlobalIDString = D2AAC07E0554694100DB518D;
			remoteInfo = SoundCloudAPI;
		};
		94D94FAE1630BB5B000BEF13 /* PBXContainerItemProxy */ = {
			isa = PBXContainerItemProxy;
			containerPortal = 94D94FA21630BB51000BEF13 /* SoundCloudAPI.xcodeproj */;
			proxyType = 1;
			remoteGlobalIDString = D2AAC07D0554694100DB518D;
			remoteInfo = SoundCloudAPI;
		};
		94D94FB01630BB62000BEF13 /* PBXContainerItemProxy */ = {
			isa = PBXContainerItemProxy;
			containerPortal = 94D94F861630B8B8000BEF13 /* SoundCloudUI.xcodeproj */;
			proxyType = 1;
			remoteGlobalIDString = F6EF8C6013F929D700B20B40;
			remoteInfo = libSoundCloudUI;
		};
		94D94FB21630BB65000BEF13 /* PBXContainerItemProxy */ = {
			isa = PBXContainerItemProxy;
			containerPortal = 94D94F2C1630B573000BEF13 /* JSONKit.xcodeproj */;
			proxyType = 1;
			remoteGlobalIDString = F6803522148F6D22008A51BA;
			remoteInfo = libJSONKit;
		};
		94D94FB41630BB68000BEF13 /* PBXContainerItemProxy */ = {
			isa = PBXContainerItemProxy;
			containerPortal = 94D94F321630B573000BEF13 /* OHAttributedLabel.xcodeproj */;
			proxyType = 1;
			remoteGlobalIDString = F62728F9148F70DF00314599;
			remoteInfo = OHAttributedLabel;
		};
/* End PBXContainerItemProxy section */

/* Begin PBXFileReference section */
		942B9BCD1632BC33004EC9D3 /* SoundCloud.bundle */ = {isa = PBXFileReference; lastKnownFileType = "wrapper.plug-in"; path = SoundCloud.bundle; sourceTree = "<group>"; };
		942B9BD11632BCD2004EC9D3 /* CHLTableViewController.h */ = {isa = PBXFileReference; fileEncoding = 4; lastKnownFileType = sourcecode.c.h; name = CHLTableViewController.h; path = UI/CHLTableViewController.h; sourceTree = "<group>"; };
		942B9BD21632BCD2004EC9D3 /* CHLTableViewController.m */ = {isa = PBXFileReference; fileEncoding = 4; lastKnownFileType = sourcecode.c.objc; name = CHLTableViewController.m; path = UI/CHLTableViewController.m; sourceTree = "<group>"; };
		94D94EBF1630B3AD000BEF13 /* TheChallenge.app */ = {isa = PBXFileReference; explicitFileType = wrapper.application; includeInIndex = 0; path = TheChallenge.app; sourceTree = BUILT_PRODUCTS_DIR; };
		94D94EC31630B3AD000BEF13 /* UIKit.framework */ = {isa = PBXFileReference; lastKnownFileType = wrapper.framework; name = UIKit.framework; path = System/Library/Frameworks/UIKit.framework; sourceTree = SDKROOT; };
		94D94EC51630B3AD000BEF13 /* Foundation.framework */ = {isa = PBXFileReference; lastKnownFileType = wrapper.framework; name = Foundation.framework; path = System/Library/Frameworks/Foundation.framework; sourceTree = SDKROOT; };
		94D94EC71630B3AD000BEF13 /* CoreGraphics.framework */ = {isa = PBXFileReference; lastKnownFileType = wrapper.framework; name = CoreGraphics.framework; path = System/Library/Frameworks/CoreGraphics.framework; sourceTree = SDKROOT; };
		94D94EC91630B3AD000BEF13 /* CoreData.framework */ = {isa = PBXFileReference; lastKnownFileType = wrapper.framework; name = CoreData.framework; path = System/Library/Frameworks/CoreData.framework; sourceTree = SDKROOT; };
		94D94ECD1630B3AD000BEF13 /* TheChallenge-Info.plist */ = {isa = PBXFileReference; lastKnownFileType = text.plist.xml; path = "TheChallenge-Info.plist"; sourceTree = "<group>"; };
		94D94ECF1630B3AD000BEF13 /* en */ = {isa = PBXFileReference; lastKnownFileType = text.plist.strings; name = en; path = en.lproj/InfoPlist.strings; sourceTree = "<group>"; };
		94D94ED11630B3AD000BEF13 /* main.m */ = {isa = PBXFileReference; lastKnownFileType = sourcecode.c.objc; path = main.m; sourceTree = "<group>"; };
		94D94ED31630B3AD000BEF13 /* TheChallenge-Prefix.pch */ = {isa = PBXFileReference; lastKnownFileType = sourcecode.c.h; path = "TheChallenge-Prefix.pch"; sourceTree = "<group>"; };
		94D94ED41630B3AD000BEF13 /* CHLAppDelegate.h */ = {isa = PBXFileReference; lastKnownFileType = sourcecode.c.h; path = CHLAppDelegate.h; sourceTree = "<group>"; };
		94D94ED51630B3AD000BEF13 /* CHLAppDelegate.m */ = {isa = PBXFileReference; lastKnownFileType = sourcecode.c.objc; path = CHLAppDelegate.m; sourceTree = "<group>"; };
		94D94ED71630B3AD000BEF13 /* Default.png */ = {isa = PBXFileReference; lastKnownFileType = image.png; path = Default.png; sourceTree = "<group>"; };
		94D94ED91630B3AD000BEF13 /* Default@2x.png */ = {isa = PBXFileReference; lastKnownFileType = image.png; path = "Default@2x.png"; sourceTree = "<group>"; };
		94D94EDB1630B3AD000BEF13 /* Default-568h@2x.png */ = {isa = PBXFileReference; lastKnownFileType = image.png; path = "Default-568h@2x.png"; sourceTree = "<group>"; };
		94D94EDE1630B3AD000BEF13 /* TheChallenge.xcdatamodel */ = {isa = PBXFileReference; lastKnownFileType = wrapper.xcdatamodel; path = TheChallenge.xcdatamodel; sourceTree = "<group>"; };
		94D94F2C1630B573000BEF13 /* JSONKit.xcodeproj */ = {isa = PBXFileReference; lastKnownFileType = "wrapper.pb-project"; name = JSONKit.xcodeproj; path = ../JSONKit/JSONKit.xcodeproj; sourceTree = "<group>"; };
		94D94F321630B573000BEF13 /* OHAttributedLabel.xcodeproj */ = {isa = PBXFileReference; lastKnownFileType = "wrapper.pb-project"; name = OHAttributedLabel.xcodeproj; path = ../OHAttributedLabel/OHAttributedLabel.xcodeproj; sourceTree = "<group>"; };
		94D94F591630B5ED000BEF13 /* QuartzCore.framework */ = {isa = PBXFileReference; lastKnownFileType = wrapper.framework; name = QuartzCore.framework; path = System/Library/Frameworks/QuartzCore.framework; sourceTree = SDKROOT; };
		94D94F5B1630B5F9000BEF13 /* AddressBook.framework */ = {isa = PBXFileReference; lastKnownFileType = wrapper.framework; name = AddressBook.framework; path = System/Library/Frameworks/AddressBook.framework; sourceTree = SDKROOT; };
		94D94F5C1630B5F9000BEF13 /* AddressBookUI.framework */ = {isa = PBXFileReference; lastKnownFileType = wrapper.framework; name = AddressBookUI.framework; path = System/Library/Frameworks/AddressBookUI.framework; sourceTree = SDKROOT; };
		94D94F5F1630B600000BEF13 /* CoreLocation.framework */ = {isa = PBXFileReference; lastKnownFileType = wrapper.framework; name = CoreLocation.framework; path = System/Library/Frameworks/CoreLocation.framework; sourceTree = SDKROOT; };
		94D94F611630B606000BEF13 /* Security.framework */ = {isa = PBXFileReference; lastKnownFileType = wrapper.framework; name = Security.framework; path = System/Library/Frameworks/Security.framework; sourceTree = SDKROOT; };
		94D94F631630B610000BEF13 /* CoreText.framework */ = {isa = PBXFileReference; lastKnownFileType = wrapper.framework; name = CoreText.framework; path = System/Library/Frameworks/CoreText.framework; sourceTree = SDKROOT; };
		94D94F861630B8B8000BEF13 /* SoundCloudUI.xcodeproj */ = {isa = PBXFileReference; lastKnownFileType = "wrapper.pb-project"; name = SoundCloudUI.xcodeproj; path = ../CocoaSoundCloudUI/SoundCloudUI.xcodeproj; sourceTree = "<group>"; };
		94D94F931630BB1F000BEF13 /* OAuth2Client.xcodeproj */ = {isa = PBXFileReference; lastKnownFileType = "wrapper.pb-project"; name = OAuth2Client.xcodeproj; path = ../OAuth2Client/OAuth2Client.xcodeproj; sourceTree = "<group>"; };
		94D94FA21630BB51000BEF13 /* SoundCloudAPI.xcodeproj */ = {isa = PBXFileReference; lastKnownFileType = "wrapper.pb-project"; name = SoundCloudAPI.xcodeproj; path = ../CocoaSoundCloudAPI/SoundCloudAPI.xcodeproj; sourceTree = "<group>"; };
/* End PBXFileReference section */

/* Begin PBXFrameworksBuildPhase section */
		94D94EBC1630B3AD000BEF13 /* Frameworks */ = {
			isa = PBXFrameworksBuildPhase;
			buildActionMask = 2147483647;
			files = (
				94D94FB61630BB9E000BEF13 /* libSoundCloudAPI.a in Frameworks */,
				94D94FA11630BB32000BEF13 /* libOAuth2Client.a in Frameworks */,
				94D94F921630B8CE000BEF13 /* libSoundCloudUI.a in Frameworks */,
				94D94F641630B610000BEF13 /* CoreText.framework in Frameworks */,
				94D94F621630B606000BEF13 /* Security.framework in Frameworks */,
				94D94F601630B600000BEF13 /* CoreLocation.framework in Frameworks */,
				94D94F5D1630B5F9000BEF13 /* AddressBook.framework in Frameworks */,
				94D94F5E1630B5F9000BEF13 /* AddressBookUI.framework in Frameworks */,
				94D94F5A1630B5ED000BEF13 /* QuartzCore.framework in Frameworks */,
				94D94F561630B5E5000BEF13 /* libJSONKit.a in Frameworks */,
				94D94F571630B5E5000BEF13 /* libOHAttributedLabel.a in Frameworks */,
				94D94EC41630B3AD000BEF13 /* UIKit.framework in Frameworks */,
				94D94EC61630B3AD000BEF13 /* Foundation.framework in Frameworks */,
				94D94EC81630B3AD000BEF13 /* CoreGraphics.framework in Frameworks */,
				94D94ECA1630B3AD000BEF13 /* CoreData.framework in Frameworks */,
			);
			runOnlyForDeploymentPostprocessing = 0;
		};
/* End PBXFrameworksBuildPhase section */

/* Begin PBXGroup section */
		942B9BCC1632BC33004EC9D3 /* Resources */ = {
			isa = PBXGroup;
			children = (
				942B9BCD1632BC33004EC9D3 /* SoundCloud.bundle */,
			);
			path = Resources;
			sourceTree = "<group>";
		};
		942B9BCF1632BC43004EC9D3 /* Common */ = {
			isa = PBXGroup;
			children = (
				942B9BD11632BCD2004EC9D3 /* CHLTableViewController.h */,
				942B9BD21632BCD2004EC9D3 /* CHLTableViewController.m */,
			);
			name = Common;
			sourceTree = "<group>";
		};
		942B9BD01632BC48004EC9D3 /* UI */ = {
			isa = PBXGroup;
			children = (
			);
			name = UI;
			sourceTree = "<group>";
		};
		94D94EB41630B3AD000BEF13 = {
			isa = PBXGroup;
			children = (
				94D94ECB1630B3AD000BEF13 /* TheChallenge */,
				94D94EC21630B3AD000BEF13 /* Frameworks */,
				94D94EC01630B3AD000BEF13 /* Products */,
			);
			sourceTree = "<group>";
		};
		94D94EC01630B3AD000BEF13 /* Products */ = {
			isa = PBXGroup;
			children = (
				94D94EBF1630B3AD000BEF13 /* TheChallenge.app */,
			);
			name = Products;
			sourceTree = "<group>";
		};
		94D94EC21630B3AD000BEF13 /* Frameworks */ = {
			isa = PBXGroup;
			children = (
				94D94FA21630BB51000BEF13 /* SoundCloudAPI.xcodeproj */,
				94D94F931630BB1F000BEF13 /* OAuth2Client.xcodeproj */,
				94D94F861630B8B8000BEF13 /* SoundCloudUI.xcodeproj */,
				94D94F2C1630B573000BEF13 /* JSONKit.xcodeproj */,
				94D94F321630B573000BEF13 /* OHAttributedLabel.xcodeproj */,
				94D94F631630B610000BEF13 /* CoreText.framework */,
				94D94F611630B606000BEF13 /* Security.framework */,
				94D94F5F1630B600000BEF13 /* CoreLocation.framework */,
				94D94F5B1630B5F9000BEF13 /* AddressBook.framework */,
				94D94F5C1630B5F9000BEF13 /* AddressBookUI.framework */,
				94D94F591630B5ED000BEF13 /* QuartzCore.framework */,
				94D94EC31630B3AD000BEF13 /* UIKit.framework */,
				94D94EC51630B3AD000BEF13 /* Foundation.framework */,
				94D94EC71630B3AD000BEF13 /* CoreGraphics.framework */,
				94D94EC91630B3AD000BEF13 /* CoreData.framework */,
			);
			name = Frameworks;
			sourceTree = "<group>";
		};
		94D94ECB1630B3AD000BEF13 /* TheChallenge */ = {
			isa = PBXGroup;
			children = (
				942B9BD01632BC48004EC9D3 /* UI */,
				942B9BCF1632BC43004EC9D3 /* Common */,
				94D94ED41630B3AD000BEF13 /* CHLAppDelegate.h */,
				94D94ED51630B3AD000BEF13 /* CHLAppDelegate.m */,
				94D94EDD1630B3AD000BEF13 /* TheChallenge.xcdatamodeld */,
				942B9BCC1632BC33004EC9D3 /* Resources */,
				94D94ECC1630B3AD000BEF13 /* Supporting Files */,
			);
			path = TheChallenge;
			sourceTree = "<group>";
		};
		94D94ECC1630B3AD000BEF13 /* Supporting Files */ = {
			isa = PBXGroup;
			children = (
				94D94ECD1630B3AD000BEF13 /* TheChallenge-Info.plist */,
				94D94ECE1630B3AD000BEF13 /* InfoPlist.strings */,
				94D94ED11630B3AD000BEF13 /* main.m */,
				94D94ED31630B3AD000BEF13 /* TheChallenge-Prefix.pch */,
				94D94ED71630B3AD000BEF13 /* Default.png */,
				94D94ED91630B3AD000BEF13 /* Default@2x.png */,
				94D94EDB1630B3AD000BEF13 /* Default-568h@2x.png */,
			);
			name = "Supporting Files";
			sourceTree = "<group>";
		};
		94D94F2D1630B573000BEF13 /* Products */ = {
			isa = PBXGroup;
			children = (
				94D94F441630B573000BEF13 /* libJSONKit.a */,
				94D94F461630B573000BEF13 /* JSONKit.framework */,
			);
			name = Products;
			sourceTree = "<group>";
		};
		94D94F331630B573000BEF13 /* Products */ = {
			isa = PBXGroup;
			children = (
				94D94F4F1630B573000BEF13 /* libOHAttributedLabel.a */,
			);
			name = Products;
			sourceTree = "<group>";
		};
		94D94F871630B8B8000BEF13 /* Products */ = {
			isa = PBXGroup;
			children = (
				94D94F8F1630B8B9000BEF13 /* libSoundCloudUI.a */,
				94D94F911630B8B9000BEF13 /* SoundCloudUI.framework */,
			);
			name = Products;
			sourceTree = "<group>";
		};
		94D94F941630BB1F000BEF13 /* Products */ = {
			isa = PBXGroup;
			children = (
				94D94F9C1630BB1F000BEF13 /* OAuth2Client.framework */,
				94D94F9E1630BB1F000BEF13 /* libOAuth2Client.a */,
			);
			name = Products;
			sourceTree = "<group>";
		};
		94D94FA31630BB51000BEF13 /* Products */ = {
			isa = PBXGroup;
			children = (
				94D94FAB1630BB52000BEF13 /* SoundCloudAPI.framework */,
				94D94FAD1630BB52000BEF13 /* libSoundCloudAPI.a */,
			);
			name = Products;
			sourceTree = "<group>";
		};
/* End PBXGroup section */

/* Begin PBXNativeTarget section */
		94D94EBE1630B3AD000BEF13 /* TheChallenge */ = {
			isa = PBXNativeTarget;
			buildConfigurationList = 94D94EE21630B3AD000BEF13 /* Build configuration list for PBXNativeTarget "TheChallenge" */;
			buildPhases = (
				94D94EBB1630B3AD000BEF13 /* Sources */,
				94D94EBC1630B3AD000BEF13 /* Frameworks */,
				94D94EBD1630B3AD000BEF13 /* Resources */,
			);
			buildRules = (
			);
			dependencies = (
				94D94FB51630BB68000BEF13 /* PBXTargetDependency */,
				94D94FB31630BB65000BEF13 /* PBXTargetDependency */,
				94D94FB11630BB62000BEF13 /* PBXTargetDependency */,
				94D94FAF1630BB5B000BEF13 /* PBXTargetDependency */,
				94D94FA01630BB2B000BEF13 /* PBXTargetDependency */,
			);
			name = TheChallenge;
			productName = TheChallenge;
			productReference = 94D94EBF1630B3AD000BEF13 /* TheChallenge.app */;
			productType = "com.apple.product-type.application";
		};
/* End PBXNativeTarget section */

/* Begin PBXProject section */
		94D94EB61630B3AD000BEF13 /* Project object */ = {
			isa = PBXProject;
			attributes = {
				CLASSPREFIX = CHL;
				LastUpgradeCheck = 0450;
			};
			buildConfigurationList = 94D94EB91630B3AD000BEF13 /* Build configuration list for PBXProject "TheChallenge" */;
			compatibilityVersion = "Xcode 3.2";
			developmentRegion = English;
			hasScannedForEncodings = 0;
			knownRegions = (
				en,
			);
			mainGroup = 94D94EB41630B3AD000BEF13;
			productRefGroup = 94D94EC01630B3AD000BEF13 /* Products */;
			projectDirPath = "";
			projectReferences = (
				{
					ProductGroup = 94D94F2D1630B573000BEF13 /* Products */;
					ProjectRef = 94D94F2C1630B573000BEF13 /* JSONKit.xcodeproj */;
				},
				{
					ProductGroup = 94D94F941630BB1F000BEF13 /* Products */;
					ProjectRef = 94D94F931630BB1F000BEF13 /* OAuth2Client.xcodeproj */;
				},
				{
					ProductGroup = 94D94F331630B573000BEF13 /* Products */;
					ProjectRef = 94D94F321630B573000BEF13 /* OHAttributedLabel.xcodeproj */;
				},
				{
					ProductGroup = 94D94FA31630BB51000BEF13 /* Products */;
					ProjectRef = 94D94FA21630BB51000BEF13 /* SoundCloudAPI.xcodeproj */;
				},
				{
					ProductGroup = 94D94F871630B8B8000BEF13 /* Products */;
					ProjectRef = 94D94F861630B8B8000BEF13 /* SoundCloudUI.xcodeproj */;
				},
			);
			projectRoot = "";
			targets = (
				94D94EBE1630B3AD000BEF13 /* TheChallenge */,
			);
		};
/* End PBXProject section */

/* Begin PBXReferenceProxy section */
		94D94F441630B573000BEF13 /* libJSONKit.a */ = {
			isa = PBXReferenceProxy;
			fileType = archive.ar;
			path = libJSONKit.a;
			remoteRef = 94D94F431630B573000BEF13 /* PBXContainerItemProxy */;
			sourceTree = BUILT_PRODUCTS_DIR;
		};
		94D94F461630B573000BEF13 /* JSONKit.framework */ = {
			isa = PBXReferenceProxy;
			fileType = wrapper.framework;
			path = JSONKit.framework;
			remoteRef = 94D94F451630B573000BEF13 /* PBXContainerItemProxy */;
			sourceTree = BUILT_PRODUCTS_DIR;
		};
		94D94F4F1630B573000BEF13 /* libOHAttributedLabel.a */ = {
			isa = PBXReferenceProxy;
			fileType = archive.ar;
			path = libOHAttributedLabel.a;
			remoteRef = 94D94F4E1630B573000BEF13 /* PBXContainerItemProxy */;
			sourceTree = BUILT_PRODUCTS_DIR;
		};
		94D94F8F1630B8B9000BEF13 /* libSoundCloudUI.a */ = {
			isa = PBXReferenceProxy;
			fileType = archive.ar;
			path = libSoundCloudUI.a;
			remoteRef = 94D94F8E1630B8B9000BEF13 /* PBXContainerItemProxy */;
			sourceTree = BUILT_PRODUCTS_DIR;
		};
		94D94F911630B8B9000BEF13 /* SoundCloudUI.framework */ = {
			isa = PBXReferenceProxy;
			fileType = wrapper.framework;
			path = SoundCloudUI.framework;
			remoteRef = 94D94F901630B8B9000BEF13 /* PBXContainerItemProxy */;
			sourceTree = BUILT_PRODUCTS_DIR;
		};
		94D94F9C1630BB1F000BEF13 /* OAuth2Client.framework */ = {
			isa = PBXReferenceProxy;
			fileType = wrapper.framework;
			path = OAuth2Client.framework;
			remoteRef = 94D94F9B1630BB1F000BEF13 /* PBXContainerItemProxy */;
			sourceTree = BUILT_PRODUCTS_DIR;
		};
		94D94F9E1630BB1F000BEF13 /* libOAuth2Client.a */ = {
			isa = PBXReferenceProxy;
			fileType = archive.ar;
			path = libOAuth2Client.a;
			remoteRef = 94D94F9D1630BB1F000BEF13 /* PBXContainerItemProxy */;
			sourceTree = BUILT_PRODUCTS_DIR;
		};
		94D94FAB1630BB52000BEF13 /* SoundCloudAPI.framework */ = {
			isa = PBXReferenceProxy;
			fileType = wrapper.framework;
			path = SoundCloudAPI.framework;
			remoteRef = 94D94FAA1630BB52000BEF13 /* PBXContainerItemProxy */;
			sourceTree = BUILT_PRODUCTS_DIR;
		};
		94D94FAD1630BB52000BEF13 /* libSoundCloudAPI.a */ = {
			isa = PBXReferenceProxy;
			fileType = archive.ar;
			path = libSoundCloudAPI.a;
			remoteRef = 94D94FAC1630BB52000BEF13 /* PBXContainerItemProxy */;
			sourceTree = BUILT_PRODUCTS_DIR;
		};
/* End PBXReferenceProxy section */

/* Begin PBXResourcesBuildPhase section */
		94D94EBD1630B3AD000BEF13 /* Resources */ = {
			isa = PBXResourcesBuildPhase;
			buildActionMask = 2147483647;
			files = (
				94D94ED01630B3AD000BEF13 /* InfoPlist.strings in Resources */,
				94D94ED81630B3AD000BEF13 /* Default.png in Resources */,
				94D94EDA1630B3AD000BEF13 /* Default@2x.png in Resources */,
				94D94EDC1630B3AD000BEF13 /* Default-568h@2x.png in Resources */,
				942B9BCE1632BC33004EC9D3 /* SoundCloud.bundle in Resources */,
			);
			runOnlyForDeploymentPostprocessing = 0;
		};
/* End PBXResourcesBuildPhase section */

/* Begin PBXSourcesBuildPhase section */
		94D94EBB1630B3AD000BEF13 /* Sources */ = {
			isa = PBXSourcesBuildPhase;
			buildActionMask = 2147483647;
			files = (
				94D94ED21630B3AD000BEF13 /* main.m in Sources */,
				94D94ED61630B3AD000BEF13 /* CHLAppDelegate.m in Sources */,
				94D94EDF1630B3AD000BEF13 /* TheChallenge.xcdatamodeld in Sources */,
				942B9BD31632BCD2004EC9D3 /* CHLTableViewController.m in Sources */,
			);
			runOnlyForDeploymentPostprocessing = 0;
		};
/* End PBXSourcesBuildPhase section */

/* Begin PBXTargetDependency section */
		94D94FA01630BB2B000BEF13 /* PBXTargetDependency */ = {
			isa = PBXTargetDependency;
			name = OAuth2Client;
			targetProxy = 94D94F9F1630BB2B000BEF13 /* PBXContainerItemProxy */;
		};
		94D94FAF1630BB5B000BEF13 /* PBXTargetDependency */ = {
			isa = PBXTargetDependency;
			name = SoundCloudAPI;
			targetProxy = 94D94FAE1630BB5B000BEF13 /* PBXContainerItemProxy */;
		};
		94D94FB11630BB62000BEF13 /* PBXTargetDependency */ = {
			isa = PBXTargetDependency;
			name = libSoundCloudUI;
			targetProxy = 94D94FB01630BB62000BEF13 /* PBXContainerItemProxy */;
		};
		94D94FB31630BB65000BEF13 /* PBXTargetDependency */ = {
			isa = PBXTargetDependency;
			name = libJSONKit;
			targetProxy = 94D94FB21630BB65000BEF13 /* PBXContainerItemProxy */;
		};
		94D94FB51630BB68000BEF13 /* PBXTargetDependency */ = {
			isa = PBXTargetDependency;
			name = OHAttributedLabel;
			targetProxy = 94D94FB41630BB68000BEF13 /* PBXContainerItemProxy */;
		};
/* End PBXTargetDependency section */

/* Begin PBXVariantGroup section */
		94D94ECE1630B3AD000BEF13 /* InfoPlist.strings */ = {
			isa = PBXVariantGroup;
			children = (
				94D94ECF1630B3AD000BEF13 /* en */,
			);
			name = InfoPlist.strings;
			sourceTree = "<group>";
		};
/* End PBXVariantGroup section */

/* Begin XCBuildConfiguration section */
		94D94EE01630B3AD000BEF13 /* Debug */ = {
			isa = XCBuildConfiguration;
			buildSettings = {
				ALWAYS_SEARCH_USER_PATHS = NO;
				CLANG_CXX_LANGUAGE_STANDARD = "gnu++0x";
				CLANG_CXX_LIBRARY = "libc++";
				CLANG_ENABLE_OBJC_ARC = YES;
				CLANG_WARN_EMPTY_BODY = YES;
				CLANG_WARN__DUPLICATE_METHOD_MATCH = YES;
				"CODE_SIGN_IDENTITY[sdk=iphoneos*]" = "iPhone Developer";
				COPY_PHASE_STRIP = NO;
				GCC_C_LANGUAGE_STANDARD = gnu99;
				GCC_DYNAMIC_NO_PIC = NO;
				GCC_OPTIMIZATION_LEVEL = 0;
				GCC_PREPROCESSOR_DEFINITIONS = (
					"DEBUG=1",
					"$(inherited)",
				);
				GCC_SYMBOLS_PRIVATE_EXTERN = NO;
				GCC_WARN_ABOUT_RETURN_TYPE = YES;
				GCC_WARN_UNINITIALIZED_AUTOS = YES;
				GCC_WARN_UNUSED_VARIABLE = YES;
				HEADER_SEARCH_PATHS = "../**";
				IPHONEOS_DEPLOYMENT_TARGET = 5.0;
				ONLY_ACTIVE_ARCH = YES;
				OTHER_LDFLAGS = (
					"-all_load",
					"-ObjC",
				);
				SDKROOT = iphoneos;
				TARGETED_DEVICE_FAMILY = "1,2";
			};
			name = Debug;
		};
		94D94EE11630B3AD000BEF13 /* Release */ = {
			isa = XCBuildConfiguration;
			buildSettings = {
				ALWAYS_SEARCH_USER_PATHS = NO;
				CLANG_CXX_LANGUAGE_STANDARD = "gnu++0x";
				CLANG_CXX_LIBRARY = "libc++";
				CLANG_ENABLE_OBJC_ARC = YES;
				CLANG_WARN_EMPTY_BODY = YES;
				CLANG_WARN__DUPLICATE_METHOD_MATCH = YES;
				"CODE_SIGN_IDENTITY[sdk=iphoneos*]" = "iPhone Developer";
				COPY_PHASE_STRIP = YES;
				GCC_C_LANGUAGE_STANDARD = gnu99;
				GCC_WARN_ABOUT_RETURN_TYPE = YES;
				GCC_WARN_UNINITIALIZED_AUTOS = YES;
				GCC_WARN_UNUSED_VARIABLE = YES;
				HEADER_SEARCH_PATHS = "../**";
				IPHONEOS_DEPLOYMENT_TARGET = 5.0;
				OTHER_CFLAGS = "-DNS_BLOCK_ASSERTIONS=1";
				OTHER_LDFLAGS = (
					"-all_load",
					"-ObjC",
				);
				SDKROOT = iphoneos;
				TARGETED_DEVICE_FAMILY = "1,2";
				VALIDATE_PRODUCT = YES;
			};
			name = Release;
		};
		94D94EE31630B3AD000BEF13 /* Debug */ = {
			isa = XCBuildConfiguration;
			buildSettings = {
				GCC_PRECOMPILE_PREFIX_HEADER = YES;
				GCC_PREFIX_HEADER = "TheChallenge/TheChallenge-Prefix.pch";
				INFOPLIST_FILE = "TheChallenge/TheChallenge-Info.plist";
				PRODUCT_NAME = "$(TARGET_NAME)";
				WRAPPER_EXTENSION = app;
			};
			name = Debug;
		};
		94D94EE41630B3AD000BEF13 /* Release */ = {
			isa = XCBuildConfiguration;
			buildSettings = {
				GCC_PRECOMPILE_PREFIX_HEADER = YES;
				GCC_PREFIX_HEADER = "TheChallenge/TheChallenge-Prefix.pch";
				INFOPLIST_FILE = "TheChallenge/TheChallenge-Info.plist";
				PRODUCT_NAME = "$(TARGET_NAME)";
				WRAPPER_EXTENSION = app;
			};
			name = Release;
		};
/* End XCBuildConfiguration section */

/* Begin XCConfigurationList section */
		94D94EB91630B3AD000BEF13 /* Build configuration list for PBXProject "TheChallenge" */ = {
			isa = XCConfigurationList;
			buildConfigurations = (
				94D94EE01630B3AD000BEF13 /* Debug */,
				94D94EE11630B3AD000BEF13 /* Release */,
			);
			defaultConfigurationIsVisible = 0;
			defaultConfigurationName = Release;
		};
		94D94EE21630B3AD000BEF13 /* Build configuration list for PBXNativeTarget "TheChallenge" */ = {
			isa = XCConfigurationList;
			buildConfigurations = (
				94D94EE31630B3AD000BEF13 /* Debug */,
				94D94EE41630B3AD000BEF13 /* Release */,
			);
			defaultConfigurationIsVisible = 0;
			defaultConfigurationName = Release;
		};
/* End XCConfigurationList section */

/* Begin XCVersionGroup section */
		94D94EDD1630B3AD000BEF13 /* TheChallenge.xcdatamodeld */ = {
			isa = XCVersionGroup;
			children = (
				94D94EDE1630B3AD000BEF13 /* TheChallenge.xcdatamodel */,
			);
			currentVersion = 94D94EDE1630B3AD000BEF13 /* TheChallenge.xcdatamodel */;
			path = TheChallenge.xcdatamodeld;
			sourceTree = "<group>";
			versionGroupType = wrapper.xcdatamodel;
		};
/* End XCVersionGroup section */
	};
	rootObject = 94D94EB61630B3AD000BEF13 /* Project object */;
}
